# Pinned dependencies — snapshot of a known-good working environment.
# Do not edit by hand.
#
# To regenerate after installing new packages:
#   pip show shiny shinywidgets altair python-dotenv pandas numpy matplotlib plotly pytest ruff | grep -E "^(Name|Version)" | paste - - | awk '{print $2 "==" $4}' > requirements.lock
#
# CI installs from this file to guarantee reproducible builds.

altair==6.0.0
matplotlib==3.10.8
numpy==2.4.2
pandas==3.0.1
plotly==6.6.0
pytest==9.0.2
python-dotenv==1.2.2
ruff==0.15.7
shiny==1.5.1
shinywidgets==0.7.1
